
Microsoft Visual Studio Solution File, Format Version 12.00
# Visual Studio Version 17
VisualStudioVersion = 17.0.31903.59
MinimumVisualStudioVersion = 10.0.40219.1
Project("{9A19103F-16F7-4668-BE54-9A1E7A4F7556}") = "Relativity.Export.Samples.RelConsole", "Relativity.Export.Samples.RelConsole\Relativity.Export.Samples.RelConsole.csproj", "{A56B1D09-8A2E-46B6-BDC3-564AA0EF675B}"
EndProject
Global
	GlobalSection(SolutionConfigurationPlatforms) = preSolution
		Debug|Any CPU = Debug|Any CPU
		Release|Any CPU = Release|Any CPU
	EndGlobalSection
	GlobalSection(ProjectConfigurationPlatforms) = postSolution
		{A56B1D09-8A2E-46B6-BDC3-564AA0EF675B}.Debug|Any CPU.ActiveCfg = Debug|Any CPU
		{A56B1D09-8A2E-46B6-BDC3-564AA0EF675B}.Debug|Any CPU.Build.0 = Debug|Any CPU
		{A56B1D09-8A2E-46B6-BDC3-564AA0EF675B}.Release|Any CPU.ActiveCfg = Release|Any CPU
		{A56B1D09-8A2E-46B6-BDC3-564AA0EF675B}.Release|Any CPU.Build.0 = Release|Any CPU
	EndGlobalSection
	GlobalSection(SolutionProperties) = preSolution
		HideSolutionNode = FALSE
	EndGlobalSection
	GlobalSection(ExtensibilityGlobals) = postSolution
		SolutionGuid = {33A76E07-5FFD-4D0E-822E-4EF0F575C0DB}
	EndGlobalSection
EndGlobal
